
Microsoft Visual Studio Solution File, Format Version 12.00
# Visual Studio Version 16
VisualStudioVersion = 16.0.29318.209
MinimumVisualStudioVersion = 10.0.40219.1
Project("{FAE04EC0-301F-11D3-BF4B-00C04F79EFBC}") = "UserMaintenance", "UserMaintenance\UserMaintenance.csproj", "{469DB964-9133-4D98-A568-132FA8567007}"
EndProject
Global
	GlobalSection(SolutionConfigurationPlatforms) = preSolution
		Debug|Any CPU = Debug|Any CPU
		Release|Any CPU = Release|Any CPU
	EndGlobalSection
	GlobalSection(ProjectConfigurationPlatforms) = postSolution
		{469DB964-9133-4D98-A568-132FA8567007}.Debug|Any CPU.ActiveCfg = Debug|Any CPU
		{469DB964-9133-4D98-A568-132FA8567007}.Debug|Any CPU.Build.0 = Debug|Any CPU
		{469DB964-9133-4D98-A568-132FA8567007}.Release|Any CPU.ActiveCfg = Release|Any CPU
		{469DB964-9133-4D98-A568-132FA8567007}.Release|Any CPU.Build.0 = Release|Any CPU
	EndGlobalSection
	GlobalSection(SolutionProperties) = preSolution
		HideSolutionNode = FALSE
	EndGlobalSection
	GlobalSection(ExtensibilityGlobals) = postSolution
		SolutionGuid = {49D20847-C305-42F9-BBCA-376AB9DCAF5D}
	EndGlobalSection
EndGlobal
